lockfileVersion: '9.0'

settings:
  autoInstallPeers: true
  excludeLinksFromLockfile: false

importers:

  .:
    dependencies:
      '@freezm-ltd/event-target-2':
        specifier: ^0.0.4
        version: 0.0.4
    devDependencies:
      '@types/serviceworker':
        specifier: ^0.0.89
        version: 0.0.89
      typescript:
        specifier: ^5.5.3
        version: 5.5.3

packages:

  '@freezm-ltd/event-target-2@0.0.4':
    resolution: {integrity: sha512-2JsZ/Xz/w08ryPGBcbrR5igdFH6xJe8UiXD2wCcwBQzBWmHOQE4x146ka8PVqZDy2CEQRVgSceuM1zidObwRpg==}

  '@types/serviceworker@0.0.89':
    resolution: {integrity: sha512-m5C1oHqOeFemS026Mx19vYWbkygiDcKqHsd33dIgLDgfTlowHawZFIGzHmSbx7o5t57dTjaJcMxB8lpWXfkiBQ==}

  typescript@5.5.3:
    resolution: {integrity: sha512-/hreyEujaB0w76zKo6717l3L0o/qEUtRgdvUBvlkhoWeOVMjMuHNHk0BRBzikzuGDqNmPQbg5ifMEqsHLiIUcQ==}
    engines: {node: '>=14.17'}
    hasBin: true

snapshots:

  '@freezm-ltd/event-target-2@0.0.4': {}

  '@types/serviceworker@0.0.89': {}

  typescript@5.5.3: {}
